// !$*UTF8*$!
{
	archiveVersion = 1;
	classes = {
	};
	objectVersion = 50;
	objects = {

/* Begin PBXBuildFile section */
		04D6AD642694818100105176 /* AppDelegate.swift in Sources */ = {isa = PBXBuildFile; fileRef = 04D6AD632694818100105176 /* AppDelegate.swift */; };
		04D6AD662694818100105176 /* SceneDelegate.swift in Sources */ = {isa = PBXBuildFile; fileRef = 04D6AD652694818100105176 /* SceneDelegate.swift */; };
		04D6AD682694818100105176 /* ViewController.swift in Sources */ = {isa = PBXBuildFile; fileRef = 04D6AD672694818100105176 /* ViewController.swift */; };
		04D6AD6B2694818100105176 /* Main.storyboard in Resources */ = {isa = PBXBuildFile; fileRef = 04D6AD692694818100105176 /* Main.storyboard */; };
		04D6AD6D2694818200105176 /* Assets.xcassets in Resources */ = {isa = PBXBuildFile; fileRef = 04D6AD6C2694818200105176 /* Assets.xcassets */; };
		04D6AD702694818200105176 /* LaunchScreen.storyboard in Resources */ = {isa = PBXBuildFile; fileRef = 04D6AD6E2694818200105176 /* LaunchScreen.storyboard */; };
		04D6AD782694820600105176 /* netflix-2-logo.png in Resources */ = {isa = PBXBuildFile; fileRef = 04D6AD772694820600105176 /* netflix-2-logo.png */; };
		04D6AD7A2697226200105176 /* customTVC.swift in Sources */ = {isa = PBXBuildFile; fileRef = 04D6AD792697226200105176 /* customTVC.swift */; };
		04D6AD7C269722D300105176 /* cv.swift in Sources */ = {isa = PBXBuildFile; fileRef = 04D6AD7B269722D300105176 /* cv.swift */; };
/* End PBXBuildFile section */

/* Begin PBXFileReference section */
		045703D226A1D24400EABB91 /* MyPlayground.playground */ = {isa = PBXFileReference; lastKnownFileType = file.playground; path = MyPlayground.playground; sourceTree = "<group>"; xcLanguageSpecificationIdentifier = xcode.lang.swift; };
		04D6AD602694818100105176 /* netflixCollectionView.app */ = {isa = PBXFileReference; explicitFileType = wrapper.application; includeInIndex = 0; path = netflixCollectionView.app; sourceTree = BUILT_PRODUCTS_DIR; };
		04D6AD632694818100105176 /* AppDelegate.swift */ = {isa = PBXFileReference; lastKnownFileType = sourcecode.swift; path = AppDelegate.swift; sourceTree = "<group>"; };
		04D6AD652694818100105176 /* SceneDelegate.swift */ = {isa = PBXFileReference; lastKnownFileType = sourcecode.swift; path = SceneDelegate.swift; sourceTree = "<group>"; };
		04D6AD672694818100105176 /* ViewController.swift */ = {isa = PBXFileReference; lastKnownFileType = sourcecode.swift; path = ViewController.swift; sourceTree = "<group>"; };
		04D6AD6A2694818100105176 /* Base */ = {isa = PBXFileReference; lastKnownFileType = file.storyboard; name = Base; path = Base.lproj/Main.storyboard; sourceTree = "<group>"; };
		04D6AD6C2694818200105176 /* Assets.xcassets */ = {isa = PBXFileReference; lastKnownFileType = folder.assetcatalog; path = Assets.xcassets; sourceTree = "<group>"; };
		04D6AD6F2694818200105176 /* Base */ = {isa = PBXFileReference; lastKnownFileType = file.storyboard; name = Base; path = Base.lproj/LaunchScreen.storyboard; sourceTree = "<group>"; };
		04D6AD712694818200105176 /* Info.plist */ = {isa = PBXFileReference; lastKnownFileType = text.plist.xml; path = Info.plist; sourceTree = "<group>"; };
		04D6AD772694820600105176 /* netflix-2-logo.png */ = {isa = PBXFileReference; lastKnownFileType = image.png; path = "netflix-2-logo.png"; sourceTree = "<group>"; };
		04D6AD792697226200105176 /* customTVC.swift */ = {isa = PBXFileReference; lastKnownFileType = sourcecode.swift; path = customTVC.swift; sourceTree = "<group>"; };
		04D6AD7B269722D300105176 /* cv.swift */ = {isa = PBXFileReference; lastKnownFileType = sourcecode.swift; path = cv.swift; sourceTree = "<group>"; };
/* End PBXFileReference section */

/* Begin PBXFrameworksBuildPhase section */
		04D6AD5D2694818100105176 /* Frameworks */ = {
			isa = PBXFrameworksBuildPhase;
			buildActionMask = 2147483647;
			files = (
			);
			runOnlyForDeploymentPostprocessing = 0;
		};
/* End PBXFrameworksBuildPhase section */

/* Begin PBXGroup section */
		04D6AD572694818000105176 = {
			isa = PBXGroup;
			children = (
				045703D226A1D24400EABB91 /* MyPlayground.playground */,
				04D6AD622694818100105176 /* netflixCollectionView */,
				04D6AD612694818100105176 /* Products */,
			);
			sourceTree = "<group>";
		};
		04D6AD612694818100105176 /* Products */ = {
			isa = PBXGroup;
			children = (
				04D6AD602694818100105176 /* netflixCollectionView.app */,
			);
			name = Products;
			sourceTree = "<group>";
		};
		04D6AD622694818100105176 /* netflixCollectionView */ = {
			isa = PBXGroup;
			children = (
				04D6AD632694818100105176 /* AppDelegate.swift */,
				04D6AD652694818100105176 /* SceneDelegate.swift */,
				04D6AD672694818100105176 /* ViewController.swift */,
				04D6AD692694818100105176 /* Main.storyboard */,
				04D6AD6C2694818200105176 /* Assets.xcassets */,
				04D6AD6E2694818200105176 /* LaunchScreen.storyboard */,
				04D6AD712694818200105176 /* Info.plist */,
				04D6AD772694820600105176 /* netflix-2-logo.png */,
				04D6AD792697226200105176 /* customTVC.swift */,
				04D6AD7B269722D300105176 /* cv.swift */,
			);
			path = netflixCollectionView;
			sourceTree = "<group>";
		};
/* End PBXGroup section */

/* Begin PBXNativeTarget section */
		04D6AD5F2694818100105176 /* netflixCollectionView */ = {
			isa = PBXNativeTarget;
			buildConfigurationList = 04D6AD742694818200105176 /* Build configuration list for PBXNativeTarget "netflixCollectionView" */;
			buildPhases = (
				04D6AD5C2694818100105176 /* Sources */,
				04D6AD5D2694818100105176 /* Frameworks */,
				04D6AD5E2694818100105176 /* Resources */,
			);
			buildRules = (
			);
			dependencies = (
			);
			name = netflixCollectionView;
			productName = netflixCollectionView;
			productReference = 04D6AD602694818100105176 /* netflixCollectionView.app */;
			productType = "com.apple.product-type.application";
		};
/* End PBXNativeTarget section */

/* Begin PBXProject section */
		04D6AD582694818000105176 /* Project object */ = {
			isa = PBXProject;
			attributes = {
				LastSwiftUpdateCheck = 1250;
				LastUpgradeCheck = 1250;
				TargetAttributes = {
					04D6AD5F2694818100105176 = {
						CreatedOnToolsVersion = 12.5.1;
					};
				};
			};
			buildConfigurationList = 04D6AD5B2694818000105176 /* Build configuration list for PBXProject "netflixCollectionView" */;
			compatibilityVersion = "Xcode 9.3";
			developmentRegion = en;
			hasScannedForEncodings = 0;
			knownRegions = (
				en,
				Base,
			);
			mainGroup = 04D6AD572694818000105176;
			productRefGroup = 04D6AD612694818100105176 /* Products */;
			projectDirPath = "";
			projectRoot = "";
			targets = (
				04D6AD5F2694818100105176 /* netflixCollectionView */,
			);
		};
/* End PBXProject section */

/* Begin PBXResourcesBuildPhase section */
		04D6AD5E2694818100105176 /* Resources */ = {
			isa = PBXResourcesBuildPhase;
			buildActionMask = 2147483647;
			files = (
				04D6AD782694820600105176 /* netflix-2-logo.png in Resources */,
				04D6AD702694818200105176 /* LaunchScreen.storyboard in Resources */,
				04D6AD6D2694818200105176 /* Assets.xcassets in Resources */,
				04D6AD6B2694818100105176 /* Main.storyboard in Resources */,
			);
			runOnlyForDeploymentPostprocessing = 0;
		};
/* End PBXResourcesBuildPhase section */

/* Begin PBXSourcesBuildPhase section */
		04D6AD5C2694818100105176 /* Sources */ = {
			isa = PBXSourcesBuildPhase;
			buildActionMask = 2147483647;
			files = (
				04D6AD682694818100105176 /* ViewController.swift in Sources */,
				04D6AD642694818100105176 /* AppDelegate.swift in Sources */,
				04D6AD7C269722D300105176 /* cv.swift in Sources */,
				04D6AD7A2697226200105176 /* customTVC.swift in Sources */,
				04D6AD662694818100105176 /* SceneDelegate.swift in Sources */,
			);
			runOnlyForDeploymentPostprocessing = 0;
		};
/* End PBXSourcesBuildPhase section */

/* Begin PBXVariantGroup section */
		04D6AD692694818100105176 /* Main.storyboard */ = {
			isa = PBXVariantGroup;
			children = (
				04D6AD6A2694818100105176 /* Base */,
			);
			name = Main.storyboard;
			sourceTree = "<group>";
		};
		04D6AD6E2694818200105176 /* LaunchScreen.storyboard */ = {
			isa = PBXVariantGroup;
			children = (
				04D6AD6F2694818200105176 /* Base */,
			);
			name = LaunchScreen.storyboard;
			sourceTree = "<group>";
		};
/* End PBXVariantGroup section */

/* Begin XCBuildConfiguration section */
		04D6AD722694818200105176 /* Debug */ = {
			isa = XCBuildConfiguration;
			buildSettings = {
				ALWAYS_SEARCH_USER_PATHS = NO;
				CLANG_ANALYZER_NONNULL = YES;
				CLANG_ANALYZER_NUMBER_OBJECT_CONVERSION = YES_AGGRESSIVE;
				CLANG_CXX_LANGUAGE_STANDARD = "gnu++14";
				CLANG_CXX_LIBRARY = "libc++";
				CLANG_ENABLE_MODULES = YES;
				CLANG_ENABLE_OBJC_ARC = YES;
				CLANG_ENABLE_OBJC_WEAK = YES;
				CLANG_WARN_BLOCK_CAPTURE_AUTORELEASING = YES;
				CLANG_WARN_BOOL_CONVERSION = YES;
				CLANG_WARN_COMMA = YES;
				CLANG_WARN_CONSTANT_CONVERSION = YES;
				CLANG_WARN_DEPRECATED_OBJC_IMPLEMENTATIONS = YES;
				CLANG_WARN_DIRECT_OBJC_ISA_USAGE = YES_ERROR;
				CLANG_WARN_DOCUMENTATION_COMMENTS = YES;
				CLANG_WARN_EMPTY_BODY = YES;
				CLANG_WARN_ENUM_CONVERSION = YES;
				CLANG_WARN_INFINITE_RECURSION = YES;
				CLANG_WARN_INT_CONVERSION = YES;
				CLANG_WARN_NON_LITERAL_NULL_CONVERSION = YES;
				CLANG_WARN_OBJC_IMPLICIT_RETAIN_SELF = YES;
				CLANG_WARN_OBJC_LITERAL_CONVERSION = YES;
				CLANG_WARN_OBJC_ROOT_CLASS = YES_ERROR;
				CLANG_WARN_QUOTED_INCLUDE_IN_FRAMEWORK_HEADER = YES;
				CLANG_WARN_RANGE_LOOP_ANALYSIS = YES;
				CLANG_WARN_STRICT_PROTOTYPES = YES;
				CLANG_WARN_SUSPICIOUS_MOVE = YES;
				CLANG_WARN_UNGUARDED_AVAILABILITY = YES_AGGRESSIVE;
				CLANG_WARN_UNREACHABLE_CODE = YES;
				CLANG_WARN__DUPLICATE_METHOD_MATCH = YES;
				COPY_PHASE_STRIP = NO;
				DEBUG_INFORMATION_FORMAT = dwarf;
				ENABLE_STRICT_OBJC_MSGSEND = YES;
				ENABLE_TESTABILITY = YES;
				GCC_C_LANGUAGE_STANDARD = gnu11;
				GCC_DYNAMIC_NO_PIC = NO;
				GCC_NO_COMMON_BLOCKS = YES;
				GCC_OPTIMIZATION_LEVEL = 0;
				GCC_PREPROCESSOR_DEFINITIONS = (
					"DEBUG=1",
					"$(inherited)",
				);
				GCC_WARN_64_TO_32_BIT_CONVERSION = YES;
				GCC_WARN_ABOUT_RETURN_TYPE = YES_ERROR;
				GCC_WARN_UNDECLARED_SELECTOR = YES;
				GCC_WARN_UNINITIALIZED_AUTOS = YES_AGGRESSIVE;
				GCC_WARN_UNUSED_FUNCTION = YES;
				GCC_WARN_UNUSED_VARIABLE = YES;
				IPHONEOS_DEPLOYMENT_TARGET = 14.5;
				MTL_ENABLE_DEBUG_INFO = INCLUDE_SOURCE;
				MTL_FAST_MATH = YES;
				ONLY_ACTIVE_ARCH = YES;
				SDKROOT = iphoneos;
				SWIFT_ACTIVE_COMPILATION_CONDITIONS = DEBUG;
				SWIFT_OPTIMIZATION_LEVEL = "-Onone";
			};
			name = Debug;
		};
		04D6AD732694818200105176 /* Release */ = {
			isa = XCBuildConfiguration;
			buildSettings = {
				ALWAYS_SEARCH_USER_PATHS = NO;
				CLANG_ANALYZER_NONNULL = YES;
				CLANG_ANALYZER_NUMBER_OBJECT_CONVERSION = YES_AGGRESSIVE;
				CLANG_CXX_LANGUAGE_STANDARD = "gnu++14";
				CLANG_CXX_LIBRARY = "libc++";
				CLANG_ENABLE_MODULES = YES;
				CLANG_ENABLE_OBJC_ARC = YES;
				CLANG_ENABLE_OBJC_WEAK = YES;
				CLANG_WARN_BLOCK_CAPTURE_AUTORELEASING = YES;
				CLANG_WARN_BOOL_CONVERSION = YES;
				CLANG_WARN_COMMA = YES;
				CLANG_WARN_CONSTANT_CONVERSION = YES;
				CLANG_WARN_DEPRECATED_OBJC_IMPLEMENTATIONS = YES;
				CLANG_WARN_DIRECT_OBJC_ISA_USAGE = YES_ERROR;
				CLANG_WARN_DOCUMENTATION_COMMENTS = YES;
				CLANG_WARN_EMPTY_BODY = YES;
				CLANG_WARN_ENUM_CONVERSION = YES;
				CLANG_WARN_INFINITE_RECURSION = YES;
				CLANG_WARN_INT_CONVERSION = YES;
				CLANG_WARN_NON_LITERAL_NULL_CONVERSION = YES;
				CLANG_WARN_OBJC_IMPLICIT_RETAIN_SELF = YES;
				CLANG_WARN_OBJC_LITERAL_CONVERSION = YES;
				CLANG_WARN_OBJC_ROOT_CLASS = YES_ERROR;
				CLANG_WARN_QUOTED_INCLUDE_IN_FRAMEWORK_HEADER = YES;
				CLANG_WARN_RANGE_LOOP_ANALYSIS = YES;
				CLANG_WARN_STRICT_PROTOTYPES = YES;
				CLANG_WARN_SUSPICIOUS_MOVE = YES;
				CLANG_WARN_UNGUARDED_AVAILABILITY = YES_AGGRESSIVE;
				CLANG_WARN_UNREACHABLE_CODE = YES;
				CLANG_WARN__DUPLICATE_METHOD_MATCH = YES;
				COPY_PHASE_STRIP = NO;
				DEBUG_INFORMATION_FORMAT = "dwarf-with-dsym";
				ENABLE_NS_ASSERTIONS = NO;
				ENABLE_STRICT_OBJC_MSGSEND = YES;
				GCC_C_LANGUAGE_STANDARD = gnu11;
				GCC_NO_COMMON_BLOCKS = YES;
				GCC_WARN_64_TO_32_BIT_CONVERSION = YES;
				GCC_WARN_ABOUT_RETURN_TYPE = YES_ERROR;
				GCC_WARN_UNDECLARED_SELECTOR = YES;
				GCC_WARN_UNINITIALIZED_AUTOS = YES_AGGRESSIVE;
				GCC_WARN_UNUSED_FUNCTION = YES;
				GCC_WARN_UNUSED_VARIABLE = YES;
				IPHONEOS_DEPLOYMENT_TARGET = 14.5;
				MTL_ENABLE_DEBUG_INFO = NO;
				MTL_FAST_MATH = YES;
				SDKROOT = iphoneos;
				SWIFT_COMPILATION_MODE = wholemodule;
				SWIFT_OPTIMIZATION_LEVEL = "-O";
				VALIDATE_PRODUCT = YES;
			};
			name = Release;
		};
		04D6AD752694818200105176 /* Debug */ = {
			isa = XCBuildConfiguration;
			buildSettings = {
				ASSETCATALOG_COMPILER_APPICON_NAME = AppIcon;
				ASSETCATALOG_COMPILER_GLOBAL_ACCENT_COLOR_NAME = AccentColor;
				CODE_SIGN_STYLE = Automatic;
				INFOPLIST_FILE = netflixCollectionView/Info.plist;
				LD_RUNPATH_SEARCH_PATHS = (
					"$(inherited)",
					"@executable_path/Frameworks",
				);
				PRODUCT_BUNDLE_IDENTIFIER = com.netflixCollectionView;
				PRODUCT_NAME = "$(TARGET_NAME)";
				SWIFT_VERSION = 5.0;
				TARGETED_DEVICE_FAMILY = "1,2";
			};
			name = Debug;
		};
		04D6AD762694818200105176 /* Release */ = {
			isa = XCBuildConfiguration;
			buildSettings = {
				ASSETCATALOG_COMPILER_APPICON_NAME = AppIcon;
				ASSETCATALOG_COMPILER_GLOBAL_ACCENT_COLOR_NAME = AccentColor;
				CODE_SIGN_STYLE = Automatic;
				INFOPLIST_FILE = netflixCollectionView/Info.plist;
				LD_RUNPATH_SEARCH_PATHS = (
					"$(inherited)",
					"@executable_path/Frameworks",
				);
				PRODUCT_BUNDLE_IDENTIFIER = com.netflixCollectionView;
				PRODUCT_NAME = "$(TARGET_NAME)";
				SWIFT_VERSION = 5.0;
				TARGETED_DEVICE_FAMILY = "1,2";
			};
			name = Release;
		};
/* End XCBuildConfiguration section */

/* Begin XCConfigurationList section */
		04D6AD5B2694818000105176 /* Build configuration list for PBXProject "netflixCollectionView" */ = {
			isa = XCConfigurationList;
			buildConfigurations = (
				04D6AD722694818200105176 /* Debug */,
				04D6AD732694818200105176 /* Release */,
			);
			defaultConfigurationIsVisible = 0;
			defaultConfigurationName = Release;
		};
		04D6AD742694818200105176 /* Build configuration list for PBXNativeTarget "netflixCollectionView" */ = {
			isa = XCConfigurationList;
			buildConfigurations = (
				04D6AD752694818200105176 /* Debug */,
				04D6AD762694818200105176 /* Release */,
			);
			defaultConfigurationIsVisible = 0;
			defaultConfigurationName = Release;
		};
/* End XCConfigurationList section */
	};
	rootObject = 04D6AD582694818000105176 /* Project object */;
}
